
Microsoft Visual Studio Solution File, Format Version 12.00
# Visual Studio Version 16
VisualStudioVersion = 16.0.29806.167
MinimumVisualStudioVersion = 10.0.40219.1
Project("{FAE04EC0-301F-11D3-BF4B-00C04F79EFBC}") = "Tp1Lp2", "Tp1Lp2.csproj", "{D187EEA7-3692-4EC3-9EE7-6568D7562B3C}"
EndProject
Project("{FAE04EC0-301F-11D3-BF4B-00C04F79EFBC}") = "ObjetosAuditoria", "..\ObjetosAuditoria\ObjetosAuditoria.csproj", "{DD284FB4-1507-48F6-ACFF-213849312A9B}"
EndProject
Project("{FAE04EC0-301F-11D3-BF4B-00C04F79EFBC}") = "Excepcoes", "..\Excepcoes\Excepcoes.csproj", "{4D834FCC-D28C-416D-9450-6558B6223519}"
EndProject
Project("{FAE04EC0-301F-11D3-BF4B-00C04F79EFBC}") = "BDAuditorias", "..\BDAuditorias\BDAuditorias.csproj", "{EF192000-3399-435A-96B8-0B6E4004E360}"
EndProject
Project("{FAE04EC0-301F-11D3-BF4B-00C04F79EFBC}") = "RegrasNegocio", "..\RegrasNegocio\RegrasNegocio.csproj", "{FAA739C0-8258-4256-948F-CE7E61868E0C}"
EndProject
Global
	GlobalSection(SolutionConfigurationPlatforms) = preSolution
		Debug|Any CPU = Debug|Any CPU
		Release|Any CPU = Release|Any CPU
	EndGlobalSection
	GlobalSection(ProjectConfigurationPlatforms) = postSolution
		{D187EEA7-3692-4EC3-9EE7-6568D7562B3C}.Debug|Any CPU.ActiveCfg = Debug|Any CPU
		{D187EEA7-3692-4EC3-9EE7-6568D7562B3C}.Debug|Any CPU.Build.0 = Debug|Any CPU
		{D187EEA7-3692-4EC3-9EE7-6568D7562B3C}.Release|Any CPU.ActiveCfg = Release|Any CPU
		{D187EEA7-3692-4EC3-9EE7-6568D7562B3C}.Release|Any CPU.Build.0 = Release|Any CPU
		{DD284FB4-1507-48F6-ACFF-213849312A9B}.Debug|Any CPU.ActiveCfg = Debug|Any CPU
		{DD284FB4-1507-48F6-ACFF-213849312A9B}.Debug|Any CPU.Build.0 = Debug|Any CPU
		{DD284FB4-1507-48F6-ACFF-213849312A9B}.Release|Any CPU.ActiveCfg = Release|Any CPU
		{DD284FB4-1507-48F6-ACFF-213849312A9B}.Release|Any CPU.Build.0 = Release|Any CPU
		{4D834FCC-D28C-416D-9450-6558B6223519}.Debug|Any CPU.ActiveCfg = Debug|Any CPU
		{4D834FCC-D28C-416D-9450-6558B6223519}.Debug|Any CPU.Build.0 = Debug|Any CPU
		{4D834FCC-D28C-416D-9450-6558B6223519}.Release|Any CPU.ActiveCfg = Release|Any CPU
		{4D834FCC-D28C-416D-9450-6558B6223519}.Release|Any CPU.Build.0 = Release|Any CPU
		{EF192000-3399-435A-96B8-0B6E4004E360}.Debug|Any CPU.ActiveCfg = Debug|Any CPU
		{EF192000-3399-435A-96B8-0B6E4004E360}.Debug|Any CPU.Build.0 = Debug|Any CPU
		{EF192000-3399-435A-96B8-0B6E4004E360}.Release|Any CPU.ActiveCfg = Release|Any CPU
		{EF192000-3399-435A-96B8-0B6E4004E360}.Release|Any CPU.Build.0 = Release|Any CPU
		{FAA739C0-8258-4256-948F-CE7E61868E0C}.Debug|Any CPU.ActiveCfg = Debug|Any CPU
		{FAA739C0-8258-4256-948F-CE7E61868E0C}.Debug|Any CPU.Build.0 = Debug|Any CPU
		{FAA739C0-8258-4256-948F-CE7E61868E0C}.Release|Any CPU.ActiveCfg = Release|Any CPU
		{FAA739C0-8258-4256-948F-CE7E61868E0C}.Release|Any CPU.Build.0 = Release|Any CPU
	EndGlobalSection
	GlobalSection(SolutionProperties) = preSolution
		HideSolutionNode = FALSE
	EndGlobalSection
	GlobalSection(ExtensibilityGlobals) = postSolution
		SolutionGuid = {5A4EE54B-1348-47F7-8B45-C98D409C469A}
	EndGlobalSection
EndGlobal
